{
  "object": {
    "pins": [
      {
        "package": "AEXML",
        "repositoryURL": "https://github.com/tadija/AEXML",
        "state": {
          "branch": null,
          "revision": "e4d517844dd03dac557e35d77a8e9ab438de91a6",
          "version": "4.4.0"
        }
      },
      {
        "package": "GraphViz",
        "repositoryURL": "https://github.com/SwiftDocOrg/GraphViz.git",
        "state": {
          "branch": null,
          "revision": "08e0cddd013fa2272379d27ec3e0093db51f34fb",
          "version": "0.1.0"
        }
      },
      {
        "package": "JSONUtilities",
        "repositoryURL": "https://github.com/yonaskolb/JSONUtilities.git",
        "state": {
          "branch": null,
          "revision": "128d2ffc22467f69569ef8ff971683e2393191a0",
          "version": "4.2.0"
        }
      },
      {
        "package": "PathKit",
        "repositoryURL": "https://github.com/michaeleisel/PathKit.git",
        "state": {
          "branch": "master",
          "revision": "f5f8bc3c31a787e639b545205309c661c894d8e0",
          "version": null
        }
      },
      {
        "package": "PathKitCExt",
        "repositoryURL": "https://github.com/michaeleisel/PathKitCExt.git",
        "state": {
          "branch": "master",
          "revision": "766dbfbc530618278be879a295c5b417c799541f",
          "version": null
        }
      },
      {
        "package": "Rainbow",
        "repositoryURL": "https://github.com/onevcat/Rainbow.git",
        "state": {
          "branch": null,
          "revision": "9c52c1952e9b2305d4507cf473392ac2d7c9b155",
          "version": "3.1.5"
        }
      },
      {
        "package": "Spectre",
        "repositoryURL": "https://github.com/kylef/Spectre.git",
        "state": {
          "branch": null,
          "revision": "f14ff47f45642aa5703900980b014c2e9394b6e5",
          "version": "0.9.0"
        }
      },
      {
        "package": "SwiftCLI",
        "repositoryURL": "https://github.com/jakeheis/SwiftCLI.git",
        "state": {
          "branch": null,
          "revision": "c72c4564f8c0a24700a59824880536aca45a4cae",
          "version": "6.0.1"
        }
      },
      {
        "package": "Version",
        "repositoryURL": "https://github.com/mxcl/Version",
        "state": {
          "branch": null,
          "revision": "a94b48f36763c05629fc102837398505032dead9",
          "version": "2.0.0"
        }
      },
      {
        "package": "XcodeProj",
        "repositoryURL": "https://github.com/tuist/XcodeProj.git",
        "state": {
          "branch": null,
          "revision": "545bfa746b6eb4ea0ad8d3a12c6590445392bb50",
          "version": "7.13.0"
        }
      },
      {
        "package": "XcodeProjCExt",
        "repositoryURL": "https://github.com/tuist/XcodeProjCExt",
        "state": {
          "branch": null,
          "revision": "21a510c225ff2bc83d5920a21d902af4b1e7e218",
          "version": "0.1.0"
        }
      },
      {
        "package": "Yams",
        "repositoryURL": "https://github.com/jpsim/Yams.git",
        "state": {
          "branch": null,
          "revision": "c947a306d2e80ecb2c0859047b35c73b8e1ca27f",
          "version": "2.0.0"
        }
      }
    ]
  },
  "version": 1
}
