<?xml version="1.0" encoding="utf-8" standalone="no"?>
<Scheme LastUpgradeVersion="0900" version="1.3">
	<AnalyzeAction buildConfiguration="Debug" />
	<ArchiveAction buildConfiguration="Release" revealArchiveInOrganizer="YES" />
	<TestAction selectedDebuggerIdentifier="Xcode.DebuggerFoundation.Debugger.LLDB" selectedLauncherIdentifier="Xcode.DebuggerFoundation.Launcher.LLDB" shouldUseLaunchSchemeArgsEnv="YES" buildConfiguration="Debug">
		<Testables>
			<TestableReference skipped="NO">
				<BuildableReference BlueprintIdentifier="NT2653659501" ReferencedContainer="container:GeneratedProject.xcodeproj" BuildableName="TestProjectTests.xctest" BlueprintName="TestProject" BuildableIdentifier="primary" />
			</TestableReference>
		</Testables>
		<MacroExpansion>
			<BuildableReference BlueprintIdentifier="NT6523263101" ReferencedContainer="container:GeneratedProject.xcodeproj" BuildableName="TestProject.app" BlueprintName="TestProject" BuildableIdentifier="primary" />
		</MacroExpansion>
	</TestAction>
	<ProfileAction savedToolIdentifier="" useCustomWorkingDirectory="NO" shouldUseLaunchSchemeArgsEnv="YES" buildConfiguration="Release" debugDocumentVersioning="YES">
		<BuildableProductRunnable runnableDebuggingMode="0">
			<BuildableReference BlueprintIdentifier="NT6523263101" ReferencedContainer="container:GeneratedProject.xcodeproj" BuildableName="TestProject.app" BlueprintName="TestProject" BuildableIdentifier="primary" />
		</BuildableProductRunnable>
	</ProfileAction>
	<BuildAction parallelizeBuildables="YES" buildImplicitDependencies="YES">
		<BuildActionEntries>
			<BuildActionEntry buildForArchiving="YES" buildForTesting="YES" buildForRunning="YES" buildForProfiling="YES" buildForAnalyzing="YES">
				<BuildableReference BlueprintIdentifier="NT6523263101" ReferencedContainer="container:GeneratedProject.xcodeproj" BuildableName="TestProject.app" BlueprintName="TestProject" BuildableIdentifier="primary" />
			</BuildActionEntry>
			<BuildActionEntry buildForArchiving="NO" buildForTesting="YES" buildForRunning="NO" buildForProfiling="NO" buildForAnalyzing="YES">
				<BuildableReference BlueprintIdentifier="NT2653659501" ReferencedContainer="container:GeneratedProject.xcodeproj" BuildableName="TestProjectTests.xctest" BlueprintName="TestProject" BuildableIdentifier="primary" />
			</BuildActionEntry>
		</BuildActionEntries>
	</BuildAction>
	<LaunchAction selectedDebuggerIdentifier="Xcode.DebuggerFoundation.Debugger.LLDB" selectedLauncherIdentifier="Xcode.DebuggerFoundation.Launcher.LLDB" launchStyle="0" buildConfiguration="Debug" debugServiceExtension="internal" ignoresPersistentStateOnLaunch="NO" useCustomWorkingDirectory="NO" allowLocationSimulation="YES" debugDocumentVersioning="YES">
		<BuildableProductRunnable runnableDebuggingMode="0">
			<BuildableReference BlueprintIdentifier="NT6523263101" ReferencedContainer="container:GeneratedProject.xcodeproj" BuildableName="TestProject.app" BlueprintName="TestProject" BuildableIdentifier="primary" />
		</BuildableProductRunnable>
	</LaunchAction>
</Scheme>