// !$*UTF8*$!
{
	archiveVersion = 1;
	classes = (
	);
	objectVersion = 46;
	objects = {

/* Begin PBXBuildFile section */
		OBJECT_10 = {isa = PBXBuildFile; fileRef = OBJECT_9 /* TestProject.app */; };
		OBJECT_15 /* FrameworkFile.swift in Sources */ = {isa = PBXBuildFile; fileRef = OBJECT_11 /* FrameworkFile.swift */; settings = {}; };
		OBJECT_16 /* Info.plist in Resources */ = {isa = PBXBuildFile; fileRef = OBJECT_12 /* Info.plist */; settings = {}; };
		OBJECT_17 /* MyFramework.h in Headers */ = {isa = PBXBuildFile; fileRef = OBJECT_13 /* MyFramework.h */; settings = {ATTRIBUTES = (Public, ); }; };
		OBJECT_31 /* AppDelegate.swift in Sources */ = {isa = PBXBuildFile; fileRef = OBJECT_25 /* AppDelegate.swift */; settings = {}; };
		OBJECT_32 /* Assets.xcassets in Resources */ = {isa = PBXBuildFile; fileRef = OBJECT_26 /* Assets.xcassets */; settings = {}; };
		OBJECT_33 /* Base.lproj in Resources */ = {isa = PBXBuildFile; fileRef = OBJECT_27 /* Base.lproj */; settings = {}; };
		OBJECT_34 /* Info.plist in Resources */ = {isa = PBXBuildFile; fileRef = OBJECT_28 /* Info.plist */; settings = {}; };
		OBJECT_35 /* ViewController.swift in Sources */ = {isa = PBXBuildFile; fileRef = OBJECT_29 /* ViewController.swift */; settings = {}; };
		OBJECT_7 /* MyFramework.framework in Frameworks */ = {isa = PBXBuildFile; fileRef = OBJECT_6 /* MyFramework.framework */; };
		OBJECT_7 /* MyFramework.framework in Frameworks */ = {isa = PBXBuildFile; fileRef = OBJECT_6 /* MyFramework.framework */; };
/* End PBXBuildFile section */

/* Begin PBXContainerItemProxy section */
		OBJECT_39 /* PBXContainerItemProxy */ = {
			isa = PBXContainerItemProxy;
			containerPortal = OBJECT_1 /* Project object */;
			proxyType = 1;
			remoteGlobalIDString = OBJECT_5;
			remoteInfo = MyFramework;
		};
/* End PBXContainerItemProxy section */

/* Begin PBXFileReference section */
		OBJECT_11 /* FrameworkFile.swift */ = {isa = PBXFileReference; name = FrameworkFile.swift; path = FrameworkFile.swift; sourceTree = "<group>"; };
		OBJECT_12 /* Info.plist */ = {isa = PBXFileReference; name = Info.plist; path = Info.plist; sourceTree = "<group>"; };
		OBJECT_13 /* MyFramework.h */ = {isa = PBXFileReference; name = MyFramework.h; path = MyFramework.h; sourceTree = "<group>"; };
		OBJECT_25 /* AppDelegate.swift */ = {isa = PBXFileReference; name = AppDelegate.swift; path = AppDelegate.swift; sourceTree = "<group>"; };
		OBJECT_26 /* Assets.xcassets */ = {isa = PBXFileReference; name = Assets.xcassets; path = Assets.xcassets; sourceTree = "<group>"; };
		OBJECT_27 /* Base.lproj */ = {isa = PBXFileReference; name = Base.lproj; path = Base.lproj; sourceTree = "<group>"; };
		OBJECT_28 /* Info.plist */ = {isa = PBXFileReference; name = Info.plist; path = Info.plist; sourceTree = "<group>"; };
		OBJECT_29 /* ViewController.swift */ = {isa = PBXFileReference; name = ViewController.swift; path = ViewController.swift; sourceTree = "<group>"; };
		OBJECT_6 /* MyFramework.framework */ = {isa = PBXFileReference; explicitFileType = framework; includeInIndex = 0; path = MyFramework.framework; sourceTree = BUILT_PRODUCTS_DIR; };
		OBJECT_9 /* TestProject.app */ = {isa = PBXFileReference; explicitFileType = app; includeInIndex = 0; path = TestProject.app; sourceTree = BUILT_PRODUCTS_DIR; };
/* End PBXFileReference section */

/* Begin PBXFrameworksBuildPhase section */
		OBJECT_24 /* Frameworks */ = {
			isa = PBXFrameworksBuildPhase;
			buildActionMask = 2147483647;
			files = (
			);
			runOnlyForDeploymentPostprocessing = 0;
		};
		OBJECT_44 /* Frameworks */ = {
			isa = PBXFrameworksBuildPhase;
			buildActionMask = 2147483647;
			files = (
				OBJECT_7,
			);
			runOnlyForDeploymentPostprocessing = 0;
		};
/* End PBXFrameworksBuildPhase section */

/* Begin PBXGroup section */
		OBJECT_14 /* MyFramework */ = {
			isa = PBXGroup;
			children = (
				OBJECT_13 /* MyFramework.h */,
				OBJECT_11 /* FrameworkFile.swift */,
				OBJECT_12 /* Info.plist */,
			);
			name = MyFramework;
			path = MyFramework;
			sourceTree = "<group>";
		};
		OBJECT_30 /* TestProject */ = {
			isa = PBXGroup;
			children = (
				OBJECT_25 /* AppDelegate.swift */,
				OBJECT_28 /* Info.plist */,
				OBJECT_26 /* Assets.xcassets */,
				OBJECT_29 /* ViewController.swift */,
				OBJECT_27 /* Base.lproj */,
			);
			name = TestProject;
			path = TestProject;
			sourceTree = "<group>";
		};
		OBJECT_45 /* Products */ = {
			isa = PBXGroup;
			children = (
				OBJECT_6 /* MyFramework.framework */,
				OBJECT_9 /* TestProject.app */,
			);
			name = Products;
			sourceTree = "<group>";
		};
		OBJECT_46 = {
			isa = PBXGroup;
			children = (
				OBJECT_14 /* MyFramework */,
				OBJECT_30 /* TestProject */,
				OBJECT_45 /* Products */,
			);
			sourceTree = "<group>";
		};
/* End PBXGroup section */

/* Begin PBXHeadersBuildPhase section */
		OBJECT_23 /* Frameworks */ = {
			isa = PBXHeadersBuildPhase;
			buildActionMask = 2147483647;
			files = (
				OBJECT_17,
			);
			runOnlyForDeploymentPostprocessing = 0;
		};
		OBJECT_43 /* Frameworks */ = {
			isa = PBXHeadersBuildPhase;
			buildActionMask = 2147483647;
			files = (
			);
			runOnlyForDeploymentPostprocessing = 0;
		};
/* End PBXHeadersBuildPhase section */

/* Begin PBXNativeTarget section */
		OBJECT_5 /* MyFramework */ = {
			isa = PBXNativeTarget;
			buildConfigurationList = OBJECT_20 /* Build configuration list for PBXNativeTarget "MyFramework" */;
			buildPhases = (
				OBJECT_21 /* Sources */,
				OBJECT_22 /* Resources */,
				OBJECT_23 /* Headers */,
				OBJECT_24 /* Frameworks */,
			);
			buildRules = (
			);
			dependencies = (
			);
			name = MyFramework;
			productReference = OBJECT_6;
			productType = "com.apple.product-type.framework";
		};
		OBJECT_8 /* TestProject */ = {
			isa = PBXNativeTarget;
			buildConfigurationList = OBJECT_38 /* Build configuration list for PBXNativeTarget "TestProject" */;
			buildPhases = (
				OBJECT_41 /* Sources */,
				OBJECT_42 /* Resources */,
				OBJECT_43 /* Headers */,
				OBJECT_44 /* Frameworks */,
			);
			buildRules = (
			);
			dependencies = (
				OBJECT_40 /* PBXTargetDependency */,
			);
			name = TestProject;
			productReference = OBJECT_9;
			productType = "com.apple.product-type.application";
		};
/* End PBXNativeTarget section */

/* Begin PBXProject section */
		OBJECT_1 /* Project object */ = {
			isa = PBXProject;
			attributes = {
			};
			buildConfigurationList = OBJECT_4 /* Build configuration list for PBXProject */;
			compatibilityVersion = "Xcode 3.2";
			knownRegions = (
			);
			mainGroup = OBJECT_46;
			targets = (
				OBJECT_5 /* MyFramework */,
				OBJECT_8 /* TestProject */,
			);
		};
/* End PBXProject section */

/* Begin PBXResourcesBuildPhase section */
		OBJECT_22 /* Resources */ = {
			isa = PBXResourcesBuildPhase;
			buildActionMask = 2147483647;
			files = (
				OBJECT_16,
			);
			runOnlyForDeploymentPostprocessing = 0;
		};
		OBJECT_42 /* Resources */ = {
			isa = PBXResourcesBuildPhase;
			buildActionMask = 2147483647;
			files = (
				OBJECT_33,
				OBJECT_34,
				OBJECT_32,
			);
			runOnlyForDeploymentPostprocessing = 0;
		};
/* End PBXResourcesBuildPhase section */

/* Begin PBXSourcesBuildPhase section */
		OBJECT_21 /* Sources */ = {
			isa = PBXSourcesBuildPhase;
			buildActionMask = 2147483647;
			files = (
				OBJECT_15 /* FrameworkFile.swift in Sources */,
			);
			runOnlyForDeploymentPostprocessing = 0;
		};
		OBJECT_41 /* Sources */ = {
			isa = PBXSourcesBuildPhase;
			buildActionMask = 2147483647;
			files = (
				OBJECT_35 /* ViewController.swift in Sources */,
				OBJECT_31 /* AppDelegate.swift in Sources */,
			);
			runOnlyForDeploymentPostprocessing = 0;
		};
/* End PBXSourcesBuildPhase section */

/* Begin PBXTargetDependency section */
		OBJECT_40 /* PBXTargetDependency */ = {
			isa = PBXTargetDependency;
			target = OBJECT_5 /* MyFramework */;
			targetProxy = OBJECT_39 /* PBXContainerItemProxy */;
		};
/* End PBXTargetDependency section */

/* Begin XCBuildConfiguration section */
		OBJECT_18 /* debug */ = {
			isa = XCBuildConfiguration;
			buildSettings = {
				"CODE_SIGN_IDENTITY[sdk=iphoneos*]" = "iPhone Developer";
				ALWAYS_EMBED_SWIFT_STANDARD_LIBRARIES = true;
				ALWAYS_SEARCH_USER_PATHS = false;
				CLANG_ANALYZER_NONNULL = true;
				CLANG_CXX_LANGUAGE_STANDARD = "gnu++0x";
				CLANG_CXX_LIBRARY = "libc++";
				CLANG_ENABLE_MODULES = true;
				CLANG_ENABLE_OBJC_ARC = true;
				CLANG_WARN_BOOL_CONVERSION = true;
				CLANG_WARN_CONSTANT_CONVERSION = true;
				CLANG_WARN_DIRECT_OBJC_ISA_USAGE = YES_ERROR;
				CLANG_WARN_DOCUMENTATION_COMMENTS = true;
				CLANG_WARN_EMPTY_BODY = true;
				CLANG_WARN_ENUM_CONVERSION = true;
				CLANG_WARN_INFINITE_RECURSION = true;
				CLANG_WARN_INT_CONVERSION = true;
				CLANG_WARN_OBJC_ROOT_CLASS = YES_ERROR;
				CLANG_WARN_SUSPICIOUS_MOVE = true;
				CLANG_WARN_SUSPICIOUS_MOVES = true;
				CLANG_WARN_UNREACHABLE_CODE = true;
				CLANG_WARN__DUPLICATE_METHOD_MATCH = true;
				COPY_PHASE_STRIP = true;
				CURRENT_PROJECT_VERSION = 1;
				DEBUG_INFORMATION_FORMAT = dwarf;
				DEFINES_MODULE = true;
				ENABLE_STRICT_OBJC_MSGSEND = true;
				ENABLE_TESTABILITY = true;
				GCC_C_LANGUAGE_STANDARD = gnu99;
				GCC_DYNAMIC_NO_PIC = false;
				GCC_NO_COMMON_BLOCKS = true;
				GCC_OPTIMIZATION_LEVEL = 0;
				GCC_PREPROCESSOR_DEFINITIONS = (
					"DEBUG=1",
					"$(inherited)",
				);
				GCC_WARN_64_TO_32_BIT_CONVERSION = true;
				GCC_WARN_ABOUT_RETURN_TYPE = YES_ERROR;
				GCC_WARN_UNDECLARED_SELECTOR = true;
				GCC_WARN_UNINITIALIZED_AUTOS = YES_AGGRESSIVE;
				GCC_WARN_UNUSED_FUNCTION = true;
				GCC_WARN_UNUSED_VARIABLE = true;
				INFOPLIST_FILE = MyFramework/Info.plist;
				INSTALL_PATH = "$(LOCAL_LIBRARY_DIR)/Frameworks";
				IPHONEOS_DEPLOYMENT_TARGET = 10.2;
				LD_RUNPATH_SEARCH_PATHS = "$(inherited) @executable_path/Frameworks";
				ONLY_ACTIVE_ARCH = true;
				PRODUCT_NAME = "$(TARGET_NAME)";
				SDKROOT = iphoneos;
				SWIFT_ACTIVE_COMPILATION_CONDITIONS = DEBUG;
				SWIFT_OPTIMIZATION_LEVEL = "-Onone";
				SWIFT_VERSION = 3.0;
				VERSIONING_SYSTEM = "apple-generic";
			};
			name = debug;
		};
		OBJECT_19 /* release */ = {
			isa = XCBuildConfiguration;
			buildSettings = {
				"CODE_SIGN_IDENTITY[sdk=iphoneos*]" = "iPhone Developer";
				ALWAYS_EMBED_SWIFT_STANDARD_LIBRARIES = true;
				ALWAYS_SEARCH_USER_PATHS = false;
				CLANG_ANALYZER_NONNULL = true;
				CLANG_CXX_LANGUAGE_STANDARD = "gnu++0x";
				CLANG_CXX_LIBRARY = "libc++";
				CLANG_ENABLE_MODULES = true;
				CLANG_ENABLE_OBJC_ARC = true;
				CLANG_WARN_BOOL_CONVERSION = true;
				CLANG_WARN_CONSTANT_CONVERSION = true;
				CLANG_WARN_DIRECT_OBJC_ISA_USAGE = YES_ERROR;
				CLANG_WARN_DOCUMENTATION_COMMENTS = true;
				CLANG_WARN_EMPTY_BODY = true;
				CLANG_WARN_ENUM_CONVERSION = true;
				CLANG_WARN_INFINITE_RECURSION = true;
				CLANG_WARN_INT_CONVERSION = true;
				CLANG_WARN_OBJC_ROOT_CLASS = YES_ERROR;
				CLANG_WARN_SUSPICIOUS_MOVE = true;
				CLANG_WARN_SUSPICIOUS_MOVES = true;
				CLANG_WARN_UNREACHABLE_CODE = true;
				CLANG_WARN__DUPLICATE_METHOD_MATCH = true;
				COPY_PHASE_STRIP = false;
				CURRENT_PROJECT_VERSION = 1;
				DEBUG_INFORMATION_FORMAT = "dwarf-with-dsym";
				DEFINES_MODULE = true;
				ENABLE_NS_ASSERTIONS = false;
				ENABLE_STRICT_OBJC_MSGSEND = true;
				ENABLE_TESTABILITY = true;
				GCC_C_LANGUAGE_STANDARD = gnu99;
				GCC_NO_COMMON_BLOCKS = true;
				GCC_OPTIMIZATION_LEVEL = s;
				GCC_WARN_64_TO_32_BIT_CONVERSION = true;
				GCC_WARN_ABOUT_RETURN_TYPE = YES_ERROR;
				GCC_WARN_UNDECLARED_SELECTOR = true;
				GCC_WARN_UNINITIALIZED_AUTOS = YES_AGGRESSIVE;
				GCC_WARN_UNUSED_FUNCTION = true;
				GCC_WARN_UNUSED_VARIABLE = true;
				INFOPLIST_FILE = MyFramework/Info.plist;
				INSTALL_PATH = "$(LOCAL_LIBRARY_DIR)/Frameworks";
				IPHONEOS_DEPLOYMENT_TARGET = 10.2;
				LD_RUNPATH_SEARCH_PATHS = "$(inherited) @executable_path/Frameworks";
				PRODUCT_NAME = "$(TARGET_NAME)";
				SDKROOT = iphoneos;
				SWIFT_OPTIMIZATION_LEVEL = "-Owholemodule";
				SWIFT_VERSION = 3.0;
				VALIDATE_PRODUCT = true;
				VERSIONING_SYSTEM = "apple-generic";
			};
			name = release;
		};
		OBJECT_2 /* debug */ = {
			isa = XCBuildConfiguration;
			buildSettings = {
			};
			name = debug;
		};
		OBJECT_3 /* release */ = {
			isa = XCBuildConfiguration;
			buildSettings = {
			};
			name = release;
		};
		OBJECT_36 /* debug */ = {
			isa = XCBuildConfiguration;
			buildSettings = {
				"CODE_SIGN_IDENTITY[sdk=iphoneos*]" = "iPhone Developer";
				ALWAYS_EMBED_SWIFT_STANDARD_LIBRARIES = true;
				ALWAYS_SEARCH_USER_PATHS = false;
				ASSETCATALOG_COMPILER_APPICON_NAME = AppIcon;
				CLANG_ANALYZER_NONNULL = true;
				CLANG_CXX_LANGUAGE_STANDARD = "gnu++0x";
				CLANG_CXX_LIBRARY = "libc++";
				CLANG_ENABLE_MODULES = true;
				CLANG_ENABLE_OBJC_ARC = true;
				CLANG_WARN_BOOL_CONVERSION = true;
				CLANG_WARN_CONSTANT_CONVERSION = true;
				CLANG_WARN_DIRECT_OBJC_ISA_USAGE = YES_ERROR;
				CLANG_WARN_DOCUMENTATION_COMMENTS = true;
				CLANG_WARN_EMPTY_BODY = true;
				CLANG_WARN_ENUM_CONVERSION = true;
				CLANG_WARN_INFINITE_RECURSION = true;
				CLANG_WARN_INT_CONVERSION = true;
				CLANG_WARN_OBJC_ROOT_CLASS = YES_ERROR;
				CLANG_WARN_SUSPICIOUS_MOVE = true;
				CLANG_WARN_SUSPICIOUS_MOVES = true;
				CLANG_WARN_UNREACHABLE_CODE = true;
				CLANG_WARN__DUPLICATE_METHOD_MATCH = true;
				COPY_PHASE_STRIP = true;
				DEBUG_INFORMATION_FORMAT = dwarf;
				ENABLE_STRICT_OBJC_MSGSEND = true;
				ENABLE_TESTABILITY = true;
				GCC_C_LANGUAGE_STANDARD = gnu99;
				GCC_DYNAMIC_NO_PIC = false;
				GCC_NO_COMMON_BLOCKS = true;
				GCC_OPTIMIZATION_LEVEL = 0;
				GCC_PREPROCESSOR_DEFINITIONS = (
					"DEBUG=1",
					"$(inherited)",
				);
				GCC_WARN_64_TO_32_BIT_CONVERSION = true;
				GCC_WARN_ABOUT_RETURN_TYPE = YES_ERROR;
				GCC_WARN_UNDECLARED_SELECTOR = true;
				GCC_WARN_UNINITIALIZED_AUTOS = YES_AGGRESSIVE;
				GCC_WARN_UNUSED_FUNCTION = true;
				GCC_WARN_UNUSED_VARIABLE = true;
				INFOPLIST_FILE = TestProject/Info.plist;
				IPHONEOS_DEPLOYMENT_TARGET = 10.2;
				LD_RUNPATH_SEARCH_PATHS = "$(inherited) @executable_path/Frameworks";
				ONLY_ACTIVE_ARCH = true;
				PRODUCT_BUNDLE_IDENTIFIER = com.test;
				PRODUCT_NAME = "$(TARGET_NAME)";
				SDKROOT = iphoneos;
				SWIFT_ACTIVE_COMPILATION_CONDITIONS = DEBUG;
				SWIFT_OPTIMIZATION_LEVEL = "-Onone";
				SWIFT_VERSION = 3.0;
			};
			name = debug;
		};
		OBJECT_37 /* release */ = {
			isa = XCBuildConfiguration;
			buildSettings = {
				"CODE_SIGN_IDENTITY[sdk=iphoneos*]" = "iPhone Developer";
				ALWAYS_EMBED_SWIFT_STANDARD_LIBRARIES = true;
				ALWAYS_SEARCH_USER_PATHS = false;
				ASSETCATALOG_COMPILER_APPICON_NAME = AppIcon;
				CLANG_ANALYZER_NONNULL = true;
				CLANG_CXX_LANGUAGE_STANDARD = "gnu++0x";
				CLANG_CXX_LIBRARY = "libc++";
				CLANG_ENABLE_MODULES = true;
				CLANG_ENABLE_OBJC_ARC = true;
				CLANG_WARN_BOOL_CONVERSION = true;
				CLANG_WARN_CONSTANT_CONVERSION = true;
				CLANG_WARN_DIRECT_OBJC_ISA_USAGE = YES_ERROR;
				CLANG_WARN_DOCUMENTATION_COMMENTS = true;
				CLANG_WARN_EMPTY_BODY = true;
				CLANG_WARN_ENUM_CONVERSION = true;
				CLANG_WARN_INFINITE_RECURSION = true;
				CLANG_WARN_INT_CONVERSION = true;
				CLANG_WARN_OBJC_ROOT_CLASS = YES_ERROR;
				CLANG_WARN_SUSPICIOUS_MOVE = true;
				CLANG_WARN_SUSPICIOUS_MOVES = true;
				CLANG_WARN_UNREACHABLE_CODE = true;
				CLANG_WARN__DUPLICATE_METHOD_MATCH = true;
				COPY_PHASE_STRIP = false;
				DEBUG_INFORMATION_FORMAT = "dwarf-with-dsym";
				ENABLE_NS_ASSERTIONS = false;
				ENABLE_STRICT_OBJC_MSGSEND = true;
				GCC_C_LANGUAGE_STANDARD = gnu99;
				GCC_NO_COMMON_BLOCKS = true;
				GCC_OPTIMIZATION_LEVEL = s;
				GCC_WARN_64_TO_32_BIT_CONVERSION = true;
				GCC_WARN_ABOUT_RETURN_TYPE = YES_ERROR;
				GCC_WARN_UNDECLARED_SELECTOR = true;
				GCC_WARN_UNINITIALIZED_AUTOS = YES_AGGRESSIVE;
				GCC_WARN_UNUSED_FUNCTION = true;
				GCC_WARN_UNUSED_VARIABLE = true;
				INFOPLIST_FILE = TestProject/Info.plist;
				IPHONEOS_DEPLOYMENT_TARGET = 10.2;
				LD_RUNPATH_SEARCH_PATHS = "$(inherited) @executable_path/Frameworks";
				PRODUCT_BUNDLE_IDENTIFIER = com.test;
				PRODUCT_NAME = "$(TARGET_NAME)";
				SDKROOT = iphoneos;
				SWIFT_OPTIMIZATION_LEVEL = "-Owholemodule";
				SWIFT_VERSION = 3.0;
				VALIDATE_PRODUCT = true;
			};
			name = release;
		};
/* End XCBuildConfiguration section */

/* Begin XCConfigurationList section */
		OBJECT_20 /* Build configuration list for PBXNativeTarget "MyFramework" */ = {
			isa = XCConfigurationList;
			buildConfigurations = (
				OBJECT_19 /* release */,
				OBJECT_18 /* debug */,
			);
			defaultConfigurationIsVisible = 0;
			defaultConfigurationName = "";
		};
		OBJECT_38 /* Build configuration list for PBXNativeTarget "TestProject" */ = {
			isa = XCConfigurationList;
			buildConfigurations = (
				OBJECT_36 /* debug */,
				OBJECT_37 /* release */,
			);
			defaultConfigurationIsVisible = 0;
			defaultConfigurationName = "";
		};
		OBJECT_4 /* Build configuration list for PBXProject */ = {
			isa = XCConfigurationList;
			buildConfigurations = (
				OBJECT_3 /* release */,
				OBJECT_2 /* debug */,
			);
			defaultConfigurationIsVisible = 0;
			defaultConfigurationName = debug;
		};
/* End XCConfigurationList section */
	};
	rootObject = OBJECT_1 /* Project object */;
}
