// !$*UTF8*$!
{
	archiveVersion = 1;
	classes = (
	);
	objectVersion = 46;
	objects = {

/* Begin PBXBuildFile section */
		OBJECT_10 = {isa = PBXBuildFile; fileRef = OBJECT_9 /* TestProject.app */; };
		OBJECT_15 /* FrameworkFile.swift in Sources */ = {isa = PBXBuildFile; fileRef = OBJECT_11 /* FrameworkFile.swift */; settings = {}; };
		OBJECT_16 /* Info.plist in Resources */ = {isa = PBXBuildFile; fileRef = OBJECT_12 /* Info.plist */; settings = {}; };
		OBJECT_17 /* MyFramework.h in Headers */ = {isa = PBXBuildFile; fileRef = OBJECT_13 /* MyFramework.h */; settings = {ATTRIBUTES = (Public, ); }; };
		OBJECT_34 /* AppDelegate.swift in Sources */ = {isa = PBXBuildFile; fileRef = OBJECT_25 /* AppDelegate.swift */; settings = {}; };
		OBJECT_35 /* Assets.xcassets in Resources */ = {isa = PBXBuildFile; fileRef = OBJECT_26 /* Assets.xcassets */; settings = {}; };
		OBJECT_36 /* Info.plist in Resources */ = {isa = PBXBuildFile; fileRef = OBJECT_27 /* Info.plist */; settings = {}; };
		OBJECT_37 /* ViewController.swift in Sources */ = {isa = PBXBuildFile; fileRef = OBJECT_28 /* ViewController.swift */; settings = {}; };
		OBJECT_38 /* LaunchScreen.storyboard in Resources */ = {isa = PBXBuildFile; fileRef = OBJECT_30 /* LaunchScreen.storyboard */; settings = {}; };
		OBJECT_39 /* Main.storyboard in Resources */ = {isa = PBXBuildFile; fileRef = OBJECT_32 /* Main.storyboard */; settings = {}; };
		OBJECT_7 /* MyFramework.framework in Frameworks */ = {isa = PBXBuildFile; fileRef = OBJECT_6 /* MyFramework.framework */; };
		OBJECT_7 /* MyFramework.framework in Frameworks */ = {isa = PBXBuildFile; fileRef = OBJECT_6 /* MyFramework.framework */; };
/* End PBXBuildFile section */

/* Begin PBXContainerItemProxy section */
		OBJECT_43 /* PBXContainerItemProxy */ = {
			isa = PBXContainerItemProxy;
			containerPortal = OBJECT_1 /* Project object */;
			proxyType = 1;
			remoteGlobalIDString = OBJECT_5;
			remoteInfo = MyFramework;
		};
/* End PBXContainerItemProxy section */

/* Begin PBXFileReference section */
		OBJECT_11 /* FrameworkFile.swift */ = {isa = PBXFileReference; path = FrameworkFile.swift; sourceTree = "<group>"; };
		OBJECT_12 /* Info.plist */ = {isa = PBXFileReference; path = Info.plist; sourceTree = "<group>"; };
		OBJECT_13 /* MyFramework.h */ = {isa = PBXFileReference; path = MyFramework.h; sourceTree = "<group>"; };
		OBJECT_25 /* AppDelegate.swift */ = {isa = PBXFileReference; path = AppDelegate.swift; sourceTree = "<group>"; };
		OBJECT_26 /* Assets.xcassets */ = {isa = PBXFileReference; path = Assets.xcassets; sourceTree = "<group>"; };
		OBJECT_27 /* Info.plist */ = {isa = PBXFileReference; path = Info.plist; sourceTree = "<group>"; };
		OBJECT_28 /* ViewController.swift */ = {isa = PBXFileReference; path = ViewController.swift; sourceTree = "<group>"; };
		OBJECT_29 /* Base */ = {isa = PBXFileReference; name = Base; path = Base.lproj/LaunchScreen.storyboard; sourceTree = "<group>"; };
		OBJECT_31 /* Base */ = {isa = PBXFileReference; name = Base; path = Base.lproj/Main.storyboard; sourceTree = "<group>"; };
		OBJECT_6 /* MyFramework.framework */ = {isa = PBXFileReference; explicitFileType = framework; includeInIndex = 0; path = MyFramework.framework; sourceTree = BUILT_PRODUCTS_DIR; };
		OBJECT_9 /* TestProject.app */ = {isa = PBXFileReference; explicitFileType = app; includeInIndex = 0; path = TestProject.app; sourceTree = BUILT_PRODUCTS_DIR; };
/* End PBXFileReference section */

/* Begin PBXFrameworksBuildPhase section */
		OBJECT_24 /* Frameworks */ = {
			isa = PBXFrameworksBuildPhase;
			buildActionMask = 2147483647;
			files = (
			);
			runOnlyForDeploymentPostprocessing = 0;
		};
		OBJECT_48 /* Frameworks */ = {
			isa = PBXFrameworksBuildPhase;
			buildActionMask = 2147483647;
			files = (
				OBJECT_7,
			);
			runOnlyForDeploymentPostprocessing = 0;
		};
/* End PBXFrameworksBuildPhase section */

/* Begin PBXGroup section */
		OBJECT_14 /* MyFramework */ = {
			isa = PBXGroup;
			children = (
				OBJECT_13 /* MyFramework.h */,
				OBJECT_11 /* FrameworkFile.swift */,
				OBJECT_12 /* Info.plist */,
			);
			name = MyFramework;
			path = MyFramework;
			sourceTree = "<group>";
		};
		OBJECT_33 /* TestProject */ = {
			isa = PBXGroup;
			children = (
				OBJECT_25 /* AppDelegate.swift */,
				OBJECT_28 /* ViewController.swift */,
				OBJECT_26 /* Assets.xcassets */,
				OBJECT_32 /* Main.storyboard */,
				OBJECT_27 /* Info.plist */,
				OBJECT_30 /* LaunchScreen.storyboard */,
			);
			name = TestProject;
			path = TestProject;
			sourceTree = "<group>";
		};
		OBJECT_49 /* Products */ = {
			isa = PBXGroup;
			children = (
				OBJECT_6 /* MyFramework.framework */,
				OBJECT_9 /* TestProject.app */,
			);
			name = Products;
			sourceTree = "<group>";
		};
		OBJECT_50 = {
			isa = PBXGroup;
			children = (
				OBJECT_49 /* Products */,
				OBJECT_14 /* MyFramework */,
				OBJECT_33 /* TestProject */,
			);
			sourceTree = "<group>";
		};
/* End PBXGroup section */

/* Begin PBXHeadersBuildPhase section */
		OBJECT_23 /* Frameworks */ = {
			isa = PBXHeadersBuildPhase;
			buildActionMask = 2147483647;
			files = (
				OBJECT_17,
			);
			runOnlyForDeploymentPostprocessing = 0;
		};
		OBJECT_47 /* Frameworks */ = {
			isa = PBXHeadersBuildPhase;
			buildActionMask = 2147483647;
			files = (
			);
			runOnlyForDeploymentPostprocessing = 0;
		};
/* End PBXHeadersBuildPhase section */

/* Begin PBXNativeTarget section */
		OBJECT_5 /* MyFramework */ = {
			isa = PBXNativeTarget;
			buildConfigurationList = OBJECT_20 /* Build configuration list for PBXNativeTarget "MyFramework" */;
			buildPhases = (
				OBJECT_21 /* Sources */,
				OBJECT_22 /* Resources */,
				OBJECT_23 /* Headers */,
				OBJECT_24 /* Frameworks */,
			);
			buildRules = (
			);
			dependencies = (
			);
			name = MyFramework;
			productReference = OBJECT_6;
			productType = "com.apple.product-type.framework";
		};
		OBJECT_8 /* TestProject */ = {
			isa = PBXNativeTarget;
			buildConfigurationList = OBJECT_42 /* Build configuration list for PBXNativeTarget "TestProject" */;
			buildPhases = (
				OBJECT_45 /* Sources */,
				OBJECT_46 /* Resources */,
				OBJECT_47 /* Headers */,
				OBJECT_48 /* Frameworks */,
			);
			buildRules = (
			);
			dependencies = (
				OBJECT_44 /* PBXTargetDependency */,
			);
			name = TestProject;
			productReference = OBJECT_9;
			productType = "com.apple.product-type.application";
		};
/* End PBXNativeTarget section */

/* Begin PBXProject section */
		OBJECT_1 /* Project object */ = {
			isa = PBXProject;
			attributes = {
			};
			buildConfigurationList = OBJECT_4 /* Build configuration list for PBXProject */;
			compatibilityVersion = "Xcode 3.2";
			developmentRegion = English;
			knownRegions = (
				en,
				Base,
			);
			mainGroup = OBJECT_50;
			targets = (
				OBJECT_5 /* MyFramework */,
				OBJECT_8 /* TestProject */,
			);
		};
/* End PBXProject section */

/* Begin PBXResourcesBuildPhase section */
		OBJECT_22 /* Resources */ = {
			isa = PBXResourcesBuildPhase;
			buildActionMask = 2147483647;
			files = (
				OBJECT_16,
			);
			runOnlyForDeploymentPostprocessing = 0;
		};
		OBJECT_46 /* Resources */ = {
			isa = PBXResourcesBuildPhase;
			buildActionMask = 2147483647;
			files = (
				OBJECT_35,
				OBJECT_39,
				OBJECT_38,
				OBJECT_36,
			);
			runOnlyForDeploymentPostprocessing = 0;
		};
/* End PBXResourcesBuildPhase section */

/* Begin PBXSourcesBuildPhase section */
		OBJECT_21 /* Sources */ = {
			isa = PBXSourcesBuildPhase;
			buildActionMask = 2147483647;
			files = (
				OBJECT_15 /* FrameworkFile.swift in Sources */,
			);
			runOnlyForDeploymentPostprocessing = 0;
		};
		OBJECT_45 /* Sources */ = {
			isa = PBXSourcesBuildPhase;
			buildActionMask = 2147483647;
			files = (
				OBJECT_34 /* AppDelegate.swift in Sources */,
				OBJECT_37 /* ViewController.swift in Sources */,
			);
			runOnlyForDeploymentPostprocessing = 0;
		};
/* End PBXSourcesBuildPhase section */

/* Begin PBXTargetDependency section */
		OBJECT_44 /* PBXTargetDependency */ = {
			isa = PBXTargetDependency;
			target = OBJECT_5 /* MyFramework */;
			targetProxy = OBJECT_43 /* PBXContainerItemProxy */;
		};
/* End PBXTargetDependency section */

/* Begin PBXVariantGroup section */
		OBJECT_30 /* LaunchScreen.storyboard */ = {
			isa = PBXVariantGroup;
			children = (
				OBJECT_29 /* Base */,
			);
			name = LaunchScreen.storyboard;
			sourceTree = "<group>";
		};
		OBJECT_32 /* Main.storyboard */ = {
			isa = PBXVariantGroup;
			children = (
				OBJECT_31 /* Base */,
			);
			name = Main.storyboard;
			sourceTree = "<group>";
		};
/* End PBXVariantGroup section */

/* Begin XCBuildConfiguration section */
		OBJECT_18 /* Release */ = {
			isa = XCBuildConfiguration;
			buildSettings = {
				"CODE_SIGN_IDENTITY[sdk=iphoneos*]" = "iPhone Developer";
				ALWAYS_EMBED_SWIFT_STANDARD_LIBRARIES = YES;
				ALWAYS_SEARCH_USER_PATHS = NO;
				CLANG_ANALYZER_NONNULL = YES;
				CLANG_CXX_LANGUAGE_STANDARD = "gnu++0x";
				CLANG_CXX_LIBRARY = "libc++";
				CLANG_ENABLE_MODULES = YES;
				CLANG_ENABLE_OBJC_ARC = YES;
				CLANG_WARN_BOOL_CONVERSION = YES;
				CLANG_WARN_CONSTANT_CONVERSION = YES;
				CLANG_WARN_DIRECT_OBJC_ISA_USAGE = YES_ERROR;
				CLANG_WARN_DOCUMENTATION_COMMENTS = YES;
				CLANG_WARN_EMPTY_BODY = YES;
				CLANG_WARN_ENUM_CONVERSION = YES;
				CLANG_WARN_INFINITE_RECURSION = YES;
				CLANG_WARN_INT_CONVERSION = YES;
				CLANG_WARN_OBJC_ROOT_CLASS = YES_ERROR;
				CLANG_WARN_SUSPICIOUS_MOVES = YES;
				CLANG_WARN_UNREACHABLE_CODE = YES;
				CLANG_WARN__DUPLICATE_METHOD_MATCH = YES;
				COPY_PHASE_STRIP = NO;
				CURRENT_PROJECT_VERSION = 1;
				DEFINES_MODULE = YES;
				ENABLE_STRICT_OBJC_MSGSEND = YES;
				ENABLE_TESTABILITY = YES;
				GCC_C_LANGUAGE_STANDARD = gnu99;
				GCC_NO_COMMON_BLOCKS = YES;
				GCC_WARN_64_TO_32_BIT_CONVERSION = YES;
				GCC_WARN_ABOUT_RETURN_TYPE = YES_ERROR;
				GCC_WARN_UNDECLARED_SELECTOR = YES;
				GCC_WARN_UNINITIALIZED_AUTOS = YES_AGGRESSIVE;
				GCC_WARN_UNUSED_FUNCTION = YES;
				GCC_WARN_UNUSED_VARIABLE = YES;
				INFOPLIST_FILE = MyFramework/Info.plist;
				INSTALL_PATH = "$(LOCAL_LIBRARY_DIR)/Frameworks";
				IPHONEOS_DEPLOYMENT_TARGET = 10.2;
				LD_RUNPATH_SEARCH_PATHS = "$(inherited) @executable_path/Frameworks";
				PRODUCT_NAME = "$(TARGET_NAME)";
				SDKROOT = iphoneos;
				SWIFT_VERSION = 3.0;
				TARGETED_DEVICE_FAMILY = "1,2";
				VERSIONING_SYSTEM = "apple-generic";
			};
			name = Release;
		};
		OBJECT_19 /* Debug */ = {
			isa = XCBuildConfiguration;
			buildSettings = {
				"CODE_SIGN_IDENTITY[sdk=iphoneos*]" = "iPhone Developer";
				ALWAYS_EMBED_SWIFT_STANDARD_LIBRARIES = YES;
				ALWAYS_SEARCH_USER_PATHS = NO;
				CLANG_ANALYZER_NONNULL = YES;
				CLANG_CXX_LANGUAGE_STANDARD = "gnu++0x";
				CLANG_CXX_LIBRARY = "libc++";
				CLANG_ENABLE_MODULES = YES;
				CLANG_ENABLE_OBJC_ARC = YES;
				CLANG_WARN_BOOL_CONVERSION = YES;
				CLANG_WARN_CONSTANT_CONVERSION = YES;
				CLANG_WARN_DIRECT_OBJC_ISA_USAGE = YES_ERROR;
				CLANG_WARN_DOCUMENTATION_COMMENTS = YES;
				CLANG_WARN_EMPTY_BODY = YES;
				CLANG_WARN_ENUM_CONVERSION = YES;
				CLANG_WARN_INFINITE_RECURSION = YES;
				CLANG_WARN_INT_CONVERSION = YES;
				CLANG_WARN_OBJC_ROOT_CLASS = YES_ERROR;
				CLANG_WARN_SUSPICIOUS_MOVES = YES;
				CLANG_WARN_UNREACHABLE_CODE = YES;
				CLANG_WARN__DUPLICATE_METHOD_MATCH = YES;
				COPY_PHASE_STRIP = NO;
				CURRENT_PROJECT_VERSION = 1;
				DEFINES_MODULE = YES;
				ENABLE_STRICT_OBJC_MSGSEND = YES;
				ENABLE_TESTABILITY = YES;
				GCC_C_LANGUAGE_STANDARD = gnu99;
				GCC_NO_COMMON_BLOCKS = YES;
				GCC_WARN_64_TO_32_BIT_CONVERSION = YES;
				GCC_WARN_ABOUT_RETURN_TYPE = YES_ERROR;
				GCC_WARN_UNDECLARED_SELECTOR = YES;
				GCC_WARN_UNINITIALIZED_AUTOS = YES_AGGRESSIVE;
				GCC_WARN_UNUSED_FUNCTION = YES;
				GCC_WARN_UNUSED_VARIABLE = YES;
				INFOPLIST_FILE = MyFramework/Info.plist;
				INSTALL_PATH = "$(LOCAL_LIBRARY_DIR)/Frameworks";
				IPHONEOS_DEPLOYMENT_TARGET = 10.2;
				LD_RUNPATH_SEARCH_PATHS = "$(inherited) @executable_path/Frameworks";
				PRODUCT_NAME = "$(TARGET_NAME)";
				SDKROOT = iphoneos;
				SWIFT_VERSION = 3.0;
				TARGETED_DEVICE_FAMILY = "1,2";
				VERSIONING_SYSTEM = "apple-generic";
			};
			name = Debug;
		};
		OBJECT_2 /* Release */ = {
			isa = XCBuildConfiguration;
			buildSettings = {
				CLANG_WARN_SUSPICIOUS_MOVE = YES;
				COPY_PHASE_STRIP = NO;
				DEBUG_INFORMATION_FORMAT = "dwarf-with-dsym";
				ENABLE_NS_ASSERTIONS = NO;
				GCC_OPTIMIZATION_LEVEL = s;
				SWIFT_OPTIMIZATION_LEVEL = "-Owholemodule";
				VALIDATE_PRODUCT = YES;
			};
			name = Release;
		};
		OBJECT_3 /* Debug */ = {
			isa = XCBuildConfiguration;
			buildSettings = {
				CLANG_WARN_SUSPICIOUS_MOVE = YES;
				COPY_PHASE_STRIP = YES;
				DEBUG_INFORMATION_FORMAT = dwarf;
				ENABLE_TESTABILITY = YES;
				GCC_DYNAMIC_NO_PIC = NO;
				GCC_OPTIMIZATION_LEVEL = 0;
				GCC_PREPROCESSOR_DEFINITIONS = (
					"DEBUG=1",
					"$(inherited)",
				);
				MTL_ENABLE_DEBUG_INFO = YES;
				ONLY_ACTIVE_ARCH = YES;
				SWIFT_ACTIVE_COMPILATION_CONDITIONS = DEBUG;
				SWIFT_OPTIMIZATION_LEVEL = "-Onone";
			};
			name = Debug;
		};
		OBJECT_40 /* Release */ = {
			isa = XCBuildConfiguration;
			buildSettings = {
				"CODE_SIGN_IDENTITY[sdk=iphoneos*]" = "iPhone Developer";
				ALWAYS_EMBED_SWIFT_STANDARD_LIBRARIES = YES;
				ALWAYS_SEARCH_USER_PATHS = NO;
				ASSETCATALOG_COMPILER_APPICON_NAME = AppIcon;
				CLANG_ANALYZER_NONNULL = YES;
				CLANG_CXX_LANGUAGE_STANDARD = "gnu++0x";
				CLANG_CXX_LIBRARY = "libc++";
				CLANG_ENABLE_MODULES = YES;
				CLANG_ENABLE_OBJC_ARC = YES;
				CLANG_WARN_BOOL_CONVERSION = YES;
				CLANG_WARN_CONSTANT_CONVERSION = YES;
				CLANG_WARN_DIRECT_OBJC_ISA_USAGE = YES_ERROR;
				CLANG_WARN_DOCUMENTATION_COMMENTS = YES;
				CLANG_WARN_EMPTY_BODY = YES;
				CLANG_WARN_ENUM_CONVERSION = YES;
				CLANG_WARN_INFINITE_RECURSION = YES;
				CLANG_WARN_INT_CONVERSION = YES;
				CLANG_WARN_OBJC_ROOT_CLASS = YES_ERROR;
				CLANG_WARN_SUSPICIOUS_MOVES = YES;
				CLANG_WARN_UNREACHABLE_CODE = YES;
				CLANG_WARN__DUPLICATE_METHOD_MATCH = YES;
				COPY_PHASE_STRIP = NO;
				ENABLE_STRICT_OBJC_MSGSEND = YES;
				GCC_C_LANGUAGE_STANDARD = gnu99;
				GCC_NO_COMMON_BLOCKS = YES;
				GCC_WARN_64_TO_32_BIT_CONVERSION = YES;
				GCC_WARN_ABOUT_RETURN_TYPE = YES_ERROR;
				GCC_WARN_UNDECLARED_SELECTOR = YES;
				GCC_WARN_UNINITIALIZED_AUTOS = YES_AGGRESSIVE;
				GCC_WARN_UNUSED_FUNCTION = YES;
				GCC_WARN_UNUSED_VARIABLE = YES;
				INFOPLIST_FILE = TestProject/Info.plist;
				IPHONEOS_DEPLOYMENT_TARGET = 10.2;
				LD_RUNPATH_SEARCH_PATHS = "$(inherited) @executable_path/Frameworks";
				PRODUCT_BUNDLE_IDENTIFIER = com.test;
				PRODUCT_NAME = "$(TARGET_NAME)";
				SDKROOT = iphoneos;
				SWIFT_VERSION = 3.0;
				TARGETED_DEVICE_FAMILY = "1,2";
			};
			name = Release;
		};
		OBJECT_41 /* Debug */ = {
			isa = XCBuildConfiguration;
			buildSettings = {
				"CODE_SIGN_IDENTITY[sdk=iphoneos*]" = "iPhone Developer";
				ALWAYS_EMBED_SWIFT_STANDARD_LIBRARIES = YES;
				ALWAYS_SEARCH_USER_PATHS = NO;
				ASSETCATALOG_COMPILER_APPICON_NAME = AppIcon;
				CLANG_ANALYZER_NONNULL = YES;
				CLANG_CXX_LANGUAGE_STANDARD = "gnu++0x";
				CLANG_CXX_LIBRARY = "libc++";
				CLANG_ENABLE_MODULES = YES;
				CLANG_ENABLE_OBJC_ARC = YES;
				CLANG_WARN_BOOL_CONVERSION = YES;
				CLANG_WARN_CONSTANT_CONVERSION = YES;
				CLANG_WARN_DIRECT_OBJC_ISA_USAGE = YES_ERROR;
				CLANG_WARN_DOCUMENTATION_COMMENTS = YES;
				CLANG_WARN_EMPTY_BODY = YES;
				CLANG_WARN_ENUM_CONVERSION = YES;
				CLANG_WARN_INFINITE_RECURSION = YES;
				CLANG_WARN_INT_CONVERSION = YES;
				CLANG_WARN_OBJC_ROOT_CLASS = YES_ERROR;
				CLANG_WARN_SUSPICIOUS_MOVES = YES;
				CLANG_WARN_UNREACHABLE_CODE = YES;
				CLANG_WARN__DUPLICATE_METHOD_MATCH = YES;
				COPY_PHASE_STRIP = NO;
				ENABLE_STRICT_OBJC_MSGSEND = YES;
				GCC_C_LANGUAGE_STANDARD = gnu99;
				GCC_NO_COMMON_BLOCKS = YES;
				GCC_WARN_64_TO_32_BIT_CONVERSION = YES;
				GCC_WARN_ABOUT_RETURN_TYPE = YES_ERROR;
				GCC_WARN_UNDECLARED_SELECTOR = YES;
				GCC_WARN_UNINITIALIZED_AUTOS = YES_AGGRESSIVE;
				GCC_WARN_UNUSED_FUNCTION = YES;
				GCC_WARN_UNUSED_VARIABLE = YES;
				INFOPLIST_FILE = TestProject/Info.plist;
				IPHONEOS_DEPLOYMENT_TARGET = 10.2;
				LD_RUNPATH_SEARCH_PATHS = "$(inherited) @executable_path/Frameworks";
				PRODUCT_BUNDLE_IDENTIFIER = com.test;
				PRODUCT_NAME = "$(TARGET_NAME)";
				SDKROOT = iphoneos;
				SWIFT_VERSION = 3.0;
				TARGETED_DEVICE_FAMILY = "1,2";
			};
			name = Debug;
		};
/* End XCBuildConfiguration section */

/* Begin XCConfigurationList section */
		OBJECT_20 /* Build configuration list for PBXNativeTarget "MyFramework" */ = {
			isa = XCConfigurationList;
			buildConfigurations = (
				OBJECT_19 /* Debug */,
				OBJECT_18 /* Release */,
			);
			defaultConfigurationIsVisible = 0;
			defaultConfigurationName = "";
		};
		OBJECT_4 /* Build configuration list for PBXProject */ = {
			isa = XCConfigurationList;
			buildConfigurations = (
				OBJECT_3 /* Debug */,
				OBJECT_2 /* Release */,
			);
			defaultConfigurationIsVisible = 0;
			defaultConfigurationName = Release;
		};
		OBJECT_42 /* Build configuration list for PBXNativeTarget "TestProject" */ = {
			isa = XCConfigurationList;
			buildConfigurations = (
				OBJECT_41 /* Debug */,
				OBJECT_40 /* Release */,
			);
			defaultConfigurationIsVisible = 0;
			defaultConfigurationName = "";
		};
/* End XCConfigurationList section */
	};
	rootObject = OBJECT_1 /* Project object */;
}
