// !$*UTF8*$!
{
	archiveVersion = 1;
	classes = {
	};
	objectVersion = 46;
	objects = {

/* Begin PBXBuildFile section */
		4C88D928DFCD65937D46CE52 /* MyFramework.framework in Embed Frameworks */ = {isa = PBXBuildFile; fileRef = 17A4141241ED0F37812B48AE /* MyFramework.framework */; settings = {ATTRIBUTES = (CodeSignOnCopy, RemoveHeadersOnCopy, ); }; };
		578F88C3A7D92BFABE539E7C /* Main.storyboard in Resources */ = {isa = PBXBuildFile; fileRef = 3F408974CA1E8D96CB854C2E /* Main.storyboard */; };
		6A92B10A005C7D8591893B8D /* MyFramework.framework in Frameworks */ = {isa = PBXBuildFile; fileRef = 17A4141241ED0F37812B48AE /* MyFramework.framework */; };
		6F001BED66AF943E77179D12 /* Assets.xcassets in Resources */ = {isa = PBXBuildFile; fileRef = 7E8335535DB018FA7FCA92DB /* Assets.xcassets */; };
		8FD3148D2CA537F332F45E81 /* Foundation.framework in Frameworks */ = {isa = PBXBuildFile; fileRef = 1632E96FEAB1737BEA44974E /* Foundation.framework */; };
		9BEE6CD91A8C217586A1713F /* Foundation.framework in Frameworks */ = {isa = PBXBuildFile; fileRef = 1632E96FEAB1737BEA44974E /* Foundation.framework */; };
		A54FDD87B77C06DD44341C27 /* ViewController.swift in Sources */ = {isa = PBXBuildFile; fileRef = 1B12842690FF74D73FF0FDE3 /* ViewController.swift */; };
		A860081EA8AF005E23F3ED40 /* MyFramework.h in Headers */ = {isa = PBXBuildFile; fileRef = E27695F90C5E869664C4C6BB /* MyFramework.h */; settings = {ATTRIBUTES = (Public, ); }; };
		AF30FB43A882DC1297EE53F0 /* AppDelegate.swift in Sources */ = {isa = PBXBuildFile; fileRef = D0762DA59A1E50D783C100A2 /* AppDelegate.swift */; };
		D3E3F3768A2B5AE0AEE93F87 /* LaunchScreen.storyboard in Resources */ = {isa = PBXBuildFile; fileRef = 6BD84B3980AEE96CA9279C61 /* LaunchScreen.storyboard */; };
/* End PBXBuildFile section */

/* Begin PBXContainerItemProxy section */
		930711924880DEE63CBB58CE /* PBXContainerItemProxy */ = {
			isa = PBXContainerItemProxy;
			containerPortal = 905C98B6584BB543AA92981B /* Project object */;
			proxyType = 1;
			remoteGlobalIDString = B346D40552D6A88D82C1D5E1;
			remoteInfo = MyFramework;
		};
/* End PBXContainerItemProxy section */

/* Begin PBXCopyFilesBuildPhase section */
		01F0B9D7C7E99EE551238760 /* Embed Frameworks */ = {
			isa = PBXCopyFilesBuildPhase;
			buildActionMask = 2147483647;
			dstPath = "";
			dstSubfolderSpec = 10;
			files = (
				4C88D928DFCD65937D46CE52 /* MyFramework.framework in Embed Frameworks */,
			);
			name = "Embed Frameworks";
			runOnlyForDeploymentPostprocessing = 0;
		};
		404F3AB2B2ADE650014676ED /* Embed Frameworks */ = {
			isa = PBXCopyFilesBuildPhase;
			buildActionMask = 2147483647;
			dstPath = "";
			dstSubfolderSpec = 10;
			files = (
			);
			name = "Embed Frameworks";
			runOnlyForDeploymentPostprocessing = 0;
		};
/* End PBXCopyFilesBuildPhase section */

/* Begin PBXFileReference section */
		0AD8C641DC2670083B70AD10 /* MyFramework.framework */ = {isa = PBXFileReference; explicitFileType = wrapper.framework; includeInIndex = 0; path = MyFramework.framework; sourceTree = BUILT_PRODUCTS_DIR; };
		1632E96FEAB1737BEA44974E /* Foundation.framework */ = {isa = PBXFileReference; lastKnownFileType = wrapper.framework; name = Foundation.framework; path = Platforms/iPhoneOS.platform/Developer/SDKs/iPhoneOS10.3.sdk/System/Library/Frameworks/Foundation.framework; sourceTree = DEVELOPER_DIR; };
		17A4141241ED0F37812B48AE /* MyFramework.framework */ = {isa = PBXFileReference; lastKnownFileType = wrapper.framework; path = MyFramework.framework; sourceTree = BUILT_PRODUCTS_DIR; };
		1B12842690FF74D73FF0FDE3 /* ViewController.swift */ = {isa = PBXFileReference; includeInIndex = 1; lastKnownFileType = sourcecode.swift; path = ViewController.swift; sourceTree = "<group>"; };
		3F408974CA1E8D96CB854C2E /* Main.storyboard */ = {isa = PBXFileReference; includeInIndex = 1; lastKnownFileType = file.storyboard; name = Main.storyboard; path = Base.lproj/Main.storyboard; sourceTree = "<group>"; };
		6BD84B3980AEE96CA9279C61 /* LaunchScreen.storyboard */ = {isa = PBXFileReference; includeInIndex = 1; lastKnownFileType = file.storyboard; name = LaunchScreen.storyboard; path = Base.lproj/LaunchScreen.storyboard; sourceTree = "<group>"; };
		7E8335535DB018FA7FCA92DB /* Assets.xcassets */ = {isa = PBXFileReference; includeInIndex = 1; lastKnownFileType = folder.assetcatalog; path = Assets.xcassets; sourceTree = "<group>"; };
		A1B94DE70A7CB9313F45860E /* TestProject.app */ = {isa = PBXFileReference; explicitFileType = wrapper.application; includeInIndex = 0; path = TestProject.app; sourceTree = BUILT_PRODUCTS_DIR; };
		D0762DA59A1E50D783C100A2 /* AppDelegate.swift */ = {isa = PBXFileReference; includeInIndex = 1; lastKnownFileType = sourcecode.swift; path = AppDelegate.swift; sourceTree = "<group>"; };
		E27695F90C5E869664C4C6BB /* MyFramework.h */ = {isa = PBXFileReference; includeInIndex = 1; lastKnownFileType = sourcecode.c.h; path = MyFramework.h; sourceTree = "<group>"; };
/* End PBXFileReference section */

/* Begin PBXFrameworksBuildPhase section */
		B81CF45B254EF5B9CED53148 /* Frameworks */ = {
			isa = PBXFrameworksBuildPhase;
			buildActionMask = 2147483647;
			files = (
				9BEE6CD91A8C217586A1713F /* Foundation.framework in Frameworks */,
			);
			runOnlyForDeploymentPostprocessing = 0;
		};
		C84FDD57482FC9228EA55E1F /* Frameworks */ = {
			isa = PBXFrameworksBuildPhase;
			buildActionMask = 2147483647;
			files = (
				8FD3148D2CA537F332F45E81 /* Foundation.framework in Frameworks */,
				6A92B10A005C7D8591893B8D /* MyFramework.framework in Frameworks */,
			);
			runOnlyForDeploymentPostprocessing = 0;
		};
/* End PBXFrameworksBuildPhase section */

/* Begin PBXGroup section */
		2E1A370975DA373C83F845FE /* $local */ = {
			isa = PBXGroup;
			children = (
			);
			name = $local;
			sourceTree = "<group>";
		};
		5BF07A4CDC5C32A54A05803F /* Products */ = {
			isa = PBXGroup;
			children = (
				A1B94DE70A7CB9313F45860E /* TestProject.app */,
				0AD8C641DC2670083B70AD10 /* MyFramework.framework */,
			);
			name = Products;
			sourceTree = "<group>";
		};
		721FCC7F532AF2986E16DAAC /* TestProject */ = {
			isa = PBXGroup;
			children = (
				D0762DA59A1E50D783C100A2 /* AppDelegate.swift */,
				7E8335535DB018FA7FCA92DB /* Assets.xcassets */,
				1B12842690FF74D73FF0FDE3 /* ViewController.swift */,
			);
			path = TestProject;
			sourceTree = SOURCE_ROOT;
		};
		82EEBC982B3431F3842EF674 /* Frameworks */ = {
			isa = PBXGroup;
			children = (
				2E1A370975DA373C83F845FE /* $local */,
				8F0882F7BB7420C69A9D97ED /* iOS */,
				17A4141241ED0F37812B48AE /* MyFramework.framework */,
			);
			name = Frameworks;
			sourceTree = "<group>";
		};
		8F0882F7BB7420C69A9D97ED /* iOS */ = {
			isa = PBXGroup;
			children = (
				1632E96FEAB1737BEA44974E /* Foundation.framework */,
			);
			name = iOS;
			sourceTree = "<group>";
		};
		9E7BC0833C80A21835562ED4 /* MyFramework */ = {
			isa = PBXGroup;
			children = (
				E27695F90C5E869664C4C6BB /* MyFramework.h */,
			);
			path = MyFramework;
			sourceTree = SOURCE_ROOT;
		};
		E272196E7EE1E533E1BFFD2B = {
			isa = PBXGroup;
			children = (
				5BF07A4CDC5C32A54A05803F /* Products */,
				82EEBC982B3431F3842EF674 /* Frameworks */,
				721FCC7F532AF2986E16DAAC /* TestProject */,
				F6968B2B1A190D1D9E604C3E /* $lang:TestProject */,
				9E7BC0833C80A21835562ED4 /* MyFramework */,
			);
			sourceTree = "<group>";
		};
		F6968B2B1A190D1D9E604C3E /* $lang:TestProject */ = {
			isa = PBXGroup;
			children = (
				37C9967A2B90122E5462992E /* LaunchScreen.storyboard */,
				E97B00056C3BB434210FA863 /* Main.storyboard */,
			);
			name = "$lang:TestProject";
			sourceTree = SOURCE_ROOT;
		};
/* End PBXGroup section */

/* Begin PBXHeadersBuildPhase section */
		58D6B50E4C9F338724563277 /* Headers */ = {
			isa = PBXHeadersBuildPhase;
			buildActionMask = 2147483647;
			files = (
				A860081EA8AF005E23F3ED40 /* MyFramework.h in Headers */,
			);
			runOnlyForDeploymentPostprocessing = 0;
		};
/* End PBXHeadersBuildPhase section */

/* Begin PBXNativeTarget section */
		B346D40552D6A88D82C1D5E1 /* MyFramework */ = {
			isa = PBXNativeTarget;
			buildConfigurationList = 8E25396B7EFDBCBBBC9A394B /* Build configuration list for PBXNativeTarget "MyFramework" */;
			buildPhases = (
				4CAD27B691655399F3B7227A /* Sources */,
				B81CF45B254EF5B9CED53148 /* Frameworks */,
				58D6B50E4C9F338724563277 /* Headers */,
				404F3AB2B2ADE650014676ED /* Embed Frameworks */,
			);
			buildRules = (
			);
			dependencies = (
			);
			name = MyFramework;
			productName = MyFramework;
			productReference = 0AD8C641DC2670083B70AD10 /* MyFramework.framework */;
			productType = "com.apple.product-type.framework";
		};
		E64035D733BD4782B78D7862 /* TestProject */ = {
			isa = PBXNativeTarget;
			buildConfigurationList = C05DF6B885180568B1823595 /* Build configuration list for PBXNativeTarget "TestProject" */;
			buildPhases = (
				34711A2E18FE8CDAE0E30393 /* Sources */,
				C84FDD57482FC9228EA55E1F /* Frameworks */,
				4EFAADD3093CF52BA1A6BC9A /* Resources */,
				01F0B9D7C7E99EE551238760 /* Embed Frameworks */,
			);
			buildRules = (
			);
			dependencies = (
				701342A46A1D3E3A1B097B51 /* PBXTargetDependency */,
			);
			name = TestProject;
			productName = TestProject;
			productReference = A1B94DE70A7CB9313F45860E /* TestProject.app */;
			productType = "com.apple.product-type.application";
		};
/* End PBXNativeTarget section */

/* Begin PBXProject section */
		905C98B6584BB543AA92981B /* Project object */ = {
			isa = PBXProject;
			attributes = {
				LastSwiftUpdateCheck = 0830;
				LastUpgradeCheck = 0700;
				Struct.Version = 2.2.0;
			};
			buildConfigurationList = 2892159F27DAF834D691E57A /* Build configuration list for PBXProject "project" */;
			compatibilityVersion = "Xcode 3.2";
			developmentRegion = English;
			hasScannedForEncodings = 0;
			knownRegions = (
				en,
			);
			mainGroup = E272196E7EE1E533E1BFFD2B;
			productRefGroup = 5BF07A4CDC5C32A54A05803F /* Products */;
			projectDirPath = "";
			projectRoot = "";
			targets = (
				E64035D733BD4782B78D7862 /* TestProject */,
				B346D40552D6A88D82C1D5E1 /* MyFramework */,
			);
		};
/* End PBXProject section */

/* Begin PBXResourcesBuildPhase section */
		4EFAADD3093CF52BA1A6BC9A /* Resources */ = {
			isa = PBXResourcesBuildPhase;
			buildActionMask = 2147483647;
			files = (
				6F001BED66AF943E77179D12 /* Assets.xcassets in Resources */,
				D3E3F3768A2B5AE0AEE93F87 /* LaunchScreen.storyboard in Resources */,
				578F88C3A7D92BFABE539E7C /* Main.storyboard in Resources */,
			);
			runOnlyForDeploymentPostprocessing = 0;
		};
/* End PBXResourcesBuildPhase section */

/* Begin PBXSourcesBuildPhase section */
		34711A2E18FE8CDAE0E30393 /* Sources */ = {
			isa = PBXSourcesBuildPhase;
			buildActionMask = 2147483647;
			files = (
				AF30FB43A882DC1297EE53F0 /* AppDelegate.swift in Sources */,
				A54FDD87B77C06DD44341C27 /* ViewController.swift in Sources */,
			);
			runOnlyForDeploymentPostprocessing = 0;
		};
		4CAD27B691655399F3B7227A /* Sources */ = {
			isa = PBXSourcesBuildPhase;
			buildActionMask = 2147483647;
			files = (
			);
			runOnlyForDeploymentPostprocessing = 0;
		};
/* End PBXSourcesBuildPhase section */

/* Begin PBXTargetDependency section */
		701342A46A1D3E3A1B097B51 /* PBXTargetDependency */ = {
			isa = PBXTargetDependency;
			name = MyFramework;
			target = B346D40552D6A88D82C1D5E1 /* MyFramework */;
			targetProxy = 930711924880DEE63CBB58CE /* PBXContainerItemProxy */;
		};
/* End PBXTargetDependency section */

/* Begin PBXVariantGroup section */
		37C9967A2B90122E5462992E /* LaunchScreen.storyboard */ = {
			isa = PBXVariantGroup;
			children = (
				6BD84B3980AEE96CA9279C61 /* LaunchScreen.storyboard */,
			);
			name = LaunchScreen.storyboard;
			path = TestProject;
			sourceTree = "<group>";
		};
		E97B00056C3BB434210FA863 /* Main.storyboard */ = {
			isa = PBXVariantGroup;
			children = (
				3F408974CA1E8D96CB854C2E /* Main.storyboard */,
			);
			name = Main.storyboard;
			path = TestProject;
			sourceTree = "<group>";
		};
/* End PBXVariantGroup section */

/* Begin XCBuildConfiguration section */
		6203263EE6A82EF9479DE1E5 /* debug */ = {
			isa = XCBuildConfiguration;
			buildSettings = {
				ALWAYS_EMBED_SWIFT_STANDARD_LIBRARIES = YES;
				ASSETCATALOG_COMPILER_APPICON_NAME = AppIcon;
				INFOPLIST_FILE = TestProject/Info.plist;
				IPHONEOS_DEPLOYMENT_TARGET = 10.2;
				LD_RUNPATH_SEARCH_PATHS = "$(inherited) @executable_path/Frameworks";
				PRODUCT_NAME = "$(TARGET_NAME)";
				SDKROOT = iphoneos;
				SWIFT_VERSION = 3.0;
			};
			name = debug;
		};
		76F99697FCF5D453DCB03825 /* release */ = {
			isa = XCBuildConfiguration;
			buildSettings = {
				ALWAYS_EMBED_SWIFT_STANDARD_LIBRARIES = YES;
				ASSETCATALOG_COMPILER_APPICON_NAME = AppIcon;
				INFOPLIST_FILE = TestProject/Info.plist;
				IPHONEOS_DEPLOYMENT_TARGET = 10.2;
				LD_RUNPATH_SEARCH_PATHS = "$(inherited) @executable_path/Frameworks";
				PRODUCT_NAME = "$(TARGET_NAME)";
				SDKROOT = iphoneos;
				SWIFT_VERSION = 3.0;
			};
			name = release;
		};
		82958151E9D77FFB922C4CA8 /* release */ = {
			isa = XCBuildConfiguration;
			buildSettings = {
				ALWAYS_EMBED_SWIFT_STANDARD_LIBRARIES = YES;
				CURRENT_PROJECT_VERSION = 1;
				DEFINES_MODULE = YES;
				ENABLE_TESTABILITY = YES;
				INSTALL_PATH = "$(LOCAL_LIBRARY_DIR)/Frameworks";
				IPHONEOS_DEPLOYMENT_TARGET = 10.2;
				LD_RUNPATH_SEARCH_PATHS = "$(inherited) @executable_path/Frameworks";
				PRODUCT_NAME = "$(TARGET_NAME)";
				SDKROOT = iphoneos;
				SWIFT_VERSION = 3.0;
				VERSIONING_SYSTEM = "apple-generic";
				VERSION_INFO_PREFIX = "";
			};
			name = release;
		};
		9D25B3DA91666F1C1AE9193A /* debug */ = {
			isa = XCBuildConfiguration;
			buildSettings = {
				ALWAYS_SEARCH_USER_PATHS = NO;
				CLANG_ANALYZER_NONNULL = YES;
				CLANG_CXX_LANGUAGE_STANDARD = "gnu++0x";
				CLANG_CXX_LIBRARY = "libc++";
				CLANG_ENABLE_MODULES = YES;
				CLANG_ENABLE_OBJC_ARC = YES;
				CLANG_WARN_BOOL_CONVERSION = YES;
				CLANG_WARN_CONSTANT_CONVERSION = YES;
				CLANG_WARN_DIRECT_OBJC_ISA_USAGE = YES_ERROR;
				CLANG_WARN_DOCUMENTATION_COMMENTS = YES;
				CLANG_WARN_EMPTY_BODY = YES;
				CLANG_WARN_ENUM_CONVERSION = YES;
				CLANG_WARN_INFINITE_RECURSION = YES;
				CLANG_WARN_INT_CONVERSION = YES;
				CLANG_WARN_OBJC_ROOT_CLASS = YES_ERROR;
				CLANG_WARN_SUSPICIOUS_MOVE = YES;
				CLANG_WARN_SUSPICIOUS_MOVES = YES;
				CLANG_WARN_UNREACHABLE_CODE = YES;
				CLANG_WARN__DUPLICATE_METHOD_MATCH = YES;
				CODE_SIGN_IDENTITY = "-";
				"CODE_SIGN_IDENTITY[sdk=iphoneos*]" = "iPhone Developer";
				COPY_PHASE_STRIP = NO;
				DEBUG_INFORMATION_FORMAT = dwarf;
				ENABLE_STRICT_OBJC_MSGSEND = YES;
				ENABLE_TESTABILITY = YES;
				GCC_C_LANGUAGE_STANDARD = gnu99;
				GCC_DYNAMIC_NO_PIC = NO;
				GCC_NO_COMMON_BLOCKS = YES;
				GCC_OPTIMIZATION_LEVEL = 0;
				GCC_PREPROCESSOR_DEFINITIONS = (
					"DEBUG=1",
					"$(inherited)",
				);
				GCC_WARN_64_TO_32_BIT_CONVERSION = YES;
				GCC_WARN_ABOUT_RETURN_TYPE = YES_ERROR;
				GCC_WARN_UNDECLARED_SELECTOR = YES;
				GCC_WARN_UNINITIALIZED_AUTOS = YES_AGGRESSIVE;
				GCC_WARN_UNUSED_FUNCTION = YES;
				GCC_WARN_UNUSED_VARIABLE = YES;
				IPHONEOS_DEPLOYMENT_TARGET = 10.2;
				MTL_ENABLE_DEBUG_INFO = YES;
				ONLY_ACTIVE_ARCH = YES;
				SWIFT_ACTIVE_COMPILATION_CONDITIONS = DEBUG;
				SWIFT_OPTIMIZATION_LEVEL = "-Onone";
			};
			name = debug;
		};
		C9C2248339F384F9723889AD /* release */ = {
			isa = XCBuildConfiguration;
			buildSettings = {
				ALWAYS_SEARCH_USER_PATHS = NO;
				CLANG_ANALYZER_NONNULL = YES;
				CLANG_CXX_LANGUAGE_STANDARD = "gnu++0x";
				CLANG_CXX_LIBRARY = "libc++";
				CLANG_ENABLE_MODULES = YES;
				CLANG_ENABLE_OBJC_ARC = YES;
				CLANG_WARN_BOOL_CONVERSION = YES;
				CLANG_WARN_CONSTANT_CONVERSION = YES;
				CLANG_WARN_DIRECT_OBJC_ISA_USAGE = YES_ERROR;
				CLANG_WARN_DOCUMENTATION_COMMENTS = YES;
				CLANG_WARN_EMPTY_BODY = YES;
				CLANG_WARN_ENUM_CONVERSION = YES;
				CLANG_WARN_INFINITE_RECURSION = YES;
				CLANG_WARN_INT_CONVERSION = YES;
				CLANG_WARN_OBJC_ROOT_CLASS = YES_ERROR;
				CLANG_WARN_SUSPICIOUS_MOVE = YES;
				CLANG_WARN_SUSPICIOUS_MOVES = YES;
				CLANG_WARN_UNREACHABLE_CODE = YES;
				CLANG_WARN__DUPLICATE_METHOD_MATCH = YES;
				CODE_SIGN_IDENTITY = "-";
				"CODE_SIGN_IDENTITY[sdk=iphoneos*]" = "iPhone Developer";
				COPY_PHASE_STRIP = NO;
				DEBUG_INFORMATION_FORMAT = "dwarf-with-dsym";
				ENABLE_NS_ASSERTIONS = NO;
				ENABLE_STRICT_OBJC_MSGSEND = YES;
				GCC_C_LANGUAGE_STANDARD = gnu99;
				GCC_NO_COMMON_BLOCKS = YES;
				GCC_WARN_64_TO_32_BIT_CONVERSION = YES;
				GCC_WARN_ABOUT_RETURN_TYPE = YES_ERROR;
				GCC_WARN_UNDECLARED_SELECTOR = YES;
				GCC_WARN_UNINITIALIZED_AUTOS = YES_AGGRESSIVE;
				GCC_WARN_UNUSED_FUNCTION = YES;
				GCC_WARN_UNUSED_VARIABLE = YES;
				IPHONEOS_DEPLOYMENT_TARGET = 10.2;
				MTL_ENABLE_DEBUG_INFO = NO;
				SWIFT_OPTIMIZATION_LEVEL = "-Owholemodule";
				VALIDATE_PRODUCT = YES;
			};
			name = release;
		};
		F4FC6C0F7536CE136479D891 /* debug */ = {
			isa = XCBuildConfiguration;
			buildSettings = {
				ALWAYS_EMBED_SWIFT_STANDARD_LIBRARIES = YES;
				CURRENT_PROJECT_VERSION = 1;
				DEFINES_MODULE = YES;
				ENABLE_TESTABILITY = YES;
				INSTALL_PATH = "$(LOCAL_LIBRARY_DIR)/Frameworks";
				IPHONEOS_DEPLOYMENT_TARGET = 10.2;
				LD_RUNPATH_SEARCH_PATHS = "$(inherited) @executable_path/Frameworks";
				PRODUCT_NAME = "$(TARGET_NAME)";
				SDKROOT = iphoneos;
				SWIFT_VERSION = 3.0;
				VERSIONING_SYSTEM = "apple-generic";
				VERSION_INFO_PREFIX = "";
			};
			name = debug;
		};
/* End XCBuildConfiguration section */

/* Begin XCConfigurationList section */
		2892159F27DAF834D691E57A /* Build configuration list for PBXProject "project" */ = {
			isa = XCConfigurationList;
			buildConfigurations = (
				9D25B3DA91666F1C1AE9193A /* debug */,
				C9C2248339F384F9723889AD /* release */,
			);
			defaultConfigurationIsVisible = 0;
			defaultConfigurationName = debug;
		};
		8E25396B7EFDBCBBBC9A394B /* Build configuration list for PBXNativeTarget "MyFramework" */ = {
			isa = XCConfigurationList;
			buildConfigurations = (
				F4FC6C0F7536CE136479D891 /* debug */,
				82958151E9D77FFB922C4CA8 /* release */,
			);
			defaultConfigurationIsVisible = 0;
			defaultConfigurationName = Release;
		};
		C05DF6B885180568B1823595 /* Build configuration list for PBXNativeTarget "TestProject" */ = {
			isa = XCConfigurationList;
			buildConfigurations = (
				6203263EE6A82EF9479DE1E5 /* debug */,
				76F99697FCF5D453DCB03825 /* release */,
			);
			defaultConfigurationIsVisible = 0;
			defaultConfigurationName = Release;
		};
/* End XCConfigurationList section */
	};
	rootObject = 905C98B6584BB543AA92981B /* Project object */;
}
